
Microsoft Visual Studio Solution File, Format Version 12.00
# Visual Studio Version 17
VisualStudioVersion = 17.11.35327.3
MinimumVisualStudioVersion = 10.0.40219.1
Project("{9A19103F-16F7-4668-BE54-9A1E7A4F7556}") = "piezasAjedrez", "piezasAjedrez\piezasAjedrez.csproj", "{60EA2F9F-0AB8-4348-9892-16F57FD040B2}"
EndProject
Project("{9A19103F-16F7-4668-BE54-9A1E7A4F7556}") = "Tarea1", "Tarea1\Tarea1.csproj", "{D39F9736-9107-46A9-BF84-C334D2F3D187}"
EndProject
Project("{FAE04EC0-301F-11D3-BF4B-00C04F79EFBC}") = "Tarea 2", "Tarea 2\Tarea 2.csproj", "{8D657615-C4FA-4C1D-BA71-34F7C875CE2D}"
EndProject
Global
	GlobalSection(SolutionConfigurationPlatforms) = preSolution
		Debug|Any CPU = Debug|Any CPU
		Release|Any CPU = Release|Any CPU
	EndGlobalSection
	GlobalSection(ProjectConfigurationPlatforms) = postSolution
		{60EA2F9F-0AB8-4348-9892-16F57FD040B2}.Debug|Any CPU.ActiveCfg = Debug|Any CPU
		{60EA2F9F-0AB8-4348-9892-16F57FD040B2}.Debug|Any CPU.Build.0 = Debug|Any CPU
		{60EA2F9F-0AB8-4348-9892-16F57FD040B2}.Release|Any CPU.ActiveCfg = Release|Any CPU
		{60EA2F9F-0AB8-4348-9892-16F57FD040B2}.Release|Any CPU.Build.0 = Release|Any CPU
		{D39F9736-9107-46A9-BF84-C334D2F3D187}.Debug|Any CPU.ActiveCfg = Debug|Any CPU
		{D39F9736-9107-46A9-BF84-C334D2F3D187}.Debug|Any CPU.Build.0 = Debug|Any CPU
		{D39F9736-9107-46A9-BF84-C334D2F3D187}.Release|Any CPU.ActiveCfg = Release|Any CPU
		{D39F9736-9107-46A9-BF84-C334D2F3D187}.Release|Any CPU.Build.0 = Release|Any CPU
		{8D657615-C4FA-4C1D-BA71-34F7C875CE2D}.Debug|Any CPU.ActiveCfg = Debug|Any CPU
		{8D657615-C4FA-4C1D-BA71-34F7C875CE2D}.Debug|Any CPU.Build.0 = Debug|Any CPU
		{8D657615-C4FA-4C1D-BA71-34F7C875CE2D}.Release|Any CPU.ActiveCfg = Release|Any CPU
		{8D657615-C4FA-4C1D-BA71-34F7C875CE2D}.Release|Any CPU.Build.0 = Release|Any CPU
	EndGlobalSection
	GlobalSection(SolutionProperties) = preSolution
		HideSolutionNode = FALSE
	EndGlobalSection
	GlobalSection(ExtensibilityGlobals) = postSolution
		SolutionGuid = {87B28961-B9CD-4247-BB5B-7DA7F1A4444F}
	EndGlobalSection
EndGlobal
