
Microsoft Visual Studio Solution File, Format Version 12.00
# Visual Studio Version 17
VisualStudioVersion = 17.12.35514.174
MinimumVisualStudioVersion = 10.0.40219.1
Project("{FAE04EC0-301F-11D3-BF4B-00C04F79EFBC}") = "API", "API\API.csproj", "{7B9E34EA-00C7-423E-8468-BE77F1532599}"
	ProjectSection(ProjectDependencies) = postProject
		{1FA96A22-036A-4E77-B165-BD3352FC4B9A} = {1FA96A22-036A-4E77-B165-BD3352FC4B9A}
		{A1D82829-3484-4CB9-9535-E76C2D64907E} = {A1D82829-3484-4CB9-9535-E76C2D64907E}
	EndProjectSection
EndProject
Project("{FAE04EC0-301F-11D3-BF4B-00C04F79EFBC}") = "DAO&Entidades", "DAO&Entidades\DAO&Entidades.csproj", "{85CCC4E1-5D99-4083-B745-28149CF1B70B}"
EndProject
Project("{FAE04EC0-301F-11D3-BF4B-00C04F79EFBC}") = "Configuration", "Configuration\Configuration.csproj", "{1FA96A22-036A-4E77-B165-BD3352FC4B9A}"
EndProject
Project("{FAE04EC0-301F-11D3-BF4B-00C04F79EFBC}") = "Services", "Services\Services.csproj", "{A1D82829-3484-4CB9-9535-E76C2D64907E}"
	ProjectSection(ProjectDependencies) = postProject
		{1FA96A22-036A-4E77-B165-BD3352FC4B9A} = {1FA96A22-036A-4E77-B165-BD3352FC4B9A}
		{85CCC4E1-5D99-4083-B745-28149CF1B70B} = {85CCC4E1-5D99-4083-B745-28149CF1B70B}
	EndProjectSection
EndProject
Global
	GlobalSection(SolutionConfigurationPlatforms) = preSolution
		Debug|Any CPU = Debug|Any CPU
		Release|Any CPU = Release|Any CPU
	EndGlobalSection
	GlobalSection(ProjectConfigurationPlatforms) = postSolution
		{7B9E34EA-00C7-423E-8468-BE77F1532599}.Debug|Any CPU.ActiveCfg = Debug|Any CPU
		{7B9E34EA-00C7-423E-8468-BE77F1532599}.Debug|Any CPU.Build.0 = Debug|Any CPU
		{7B9E34EA-00C7-423E-8468-BE77F1532599}.Release|Any CPU.ActiveCfg = Release|Any CPU
		{7B9E34EA-00C7-423E-8468-BE77F1532599}.Release|Any CPU.Build.0 = Release|Any CPU
		{85CCC4E1-5D99-4083-B745-28149CF1B70B}.Debug|Any CPU.ActiveCfg = Debug|Any CPU
		{85CCC4E1-5D99-4083-B745-28149CF1B70B}.Debug|Any CPU.Build.0 = Debug|Any CPU
		{85CCC4E1-5D99-4083-B745-28149CF1B70B}.Release|Any CPU.ActiveCfg = Release|Any CPU
		{85CCC4E1-5D99-4083-B745-28149CF1B70B}.Release|Any CPU.Build.0 = Release|Any CPU
		{1FA96A22-036A-4E77-B165-BD3352FC4B9A}.Debug|Any CPU.ActiveCfg = Debug|Any CPU
		{1FA96A22-036A-4E77-B165-BD3352FC4B9A}.Debug|Any CPU.Build.0 = Debug|Any CPU
		{1FA96A22-036A-4E77-B165-BD3352FC4B9A}.Release|Any CPU.ActiveCfg = Release|Any CPU
		{1FA96A22-036A-4E77-B165-BD3352FC4B9A}.Release|Any CPU.Build.0 = Release|Any CPU
		{A1D82829-3484-4CB9-9535-E76C2D64907E}.Debug|Any CPU.ActiveCfg = Debug|Any CPU
		{A1D82829-3484-4CB9-9535-E76C2D64907E}.Debug|Any CPU.Build.0 = Debug|Any CPU
		{A1D82829-3484-4CB9-9535-E76C2D64907E}.Release|Any CPU.ActiveCfg = Release|Any CPU
		{A1D82829-3484-4CB9-9535-E76C2D64907E}.Release|Any CPU.Build.0 = Release|Any CPU
	EndGlobalSection
	GlobalSection(SolutionProperties) = preSolution
		HideSolutionNode = FALSE
	EndGlobalSection
EndGlobal
